
Microsoft Visual Studio Solution File, Format Version 12.00
# Visual Studio Version 16
VisualStudioVersion = 16.0.30114.105
MinimumVisualStudioVersion = 10.0.40219.1
Project("{FAE04EC0-301F-11D3-BF4B-00C04F79EFBC}") = "API", "API\API.csproj", "{6F2F2AFE-C948-4E94-B26A-8051927E593B}"
EndProject
Project("{FAE04EC0-301F-11D3-BF4B-00C04F79EFBC}") = "Core", "Core\Core.csproj", "{10466252-34B9-4C94-8E1B-58029AFBEB08}"
EndProject
Project("{FAE04EC0-301F-11D3-BF4B-00C04F79EFBC}") = "Infrastructure", "Infrastructure\Infrastructure.csproj", "{62ACEBB4-D16D-4EBF-8198-BD8D99936FE1}"
EndProject
Global
	GlobalSection(SolutionConfigurationPlatforms) = preSolution
		Debug|Any CPU = Debug|Any CPU
		Debug|x64 = Debug|x64
		Debug|x86 = Debug|x86
		Release|Any CPU = Release|Any CPU
		Release|x64 = Release|x64
		Release|x86 = Release|x86
	EndGlobalSection
	GlobalSection(SolutionProperties) = preSolution
		HideSolutionNode = FALSE
	EndGlobalSection
	GlobalSection(ProjectConfigurationPlatforms) = postSolution
		{6F2F2AFE-C948-4E94-B26A-8051927E593B}.Debug|Any CPU.ActiveCfg = Debug|Any CPU
		{6F2F2AFE-C948-4E94-B26A-8051927E593B}.Debug|Any CPU.Build.0 = Debug|Any CPU
		{6F2F2AFE-C948-4E94-B26A-8051927E593B}.Debug|x64.ActiveCfg = Debug|Any CPU
		{6F2F2AFE-C948-4E94-B26A-8051927E593B}.Debug|x64.Build.0 = Debug|Any CPU
		{6F2F2AFE-C948-4E94-B26A-8051927E593B}.Debug|x86.ActiveCfg = Debug|Any CPU
		{6F2F2AFE-C948-4E94-B26A-8051927E593B}.Debug|x86.Build.0 = Debug|Any CPU
		{6F2F2AFE-C948-4E94-B26A-8051927E593B}.Release|Any CPU.ActiveCfg = Release|Any CPU
		{6F2F2AFE-C948-4E94-B26A-8051927E593B}.Release|Any CPU.Build.0 = Release|Any CPU
		{6F2F2AFE-C948-4E94-B26A-8051927E593B}.Release|x64.ActiveCfg = Release|Any CPU
		{6F2F2AFE-C948-4E94-B26A-8051927E593B}.Release|x64.Build.0 = Release|Any CPU
		{6F2F2AFE-C948-4E94-B26A-8051927E593B}.Release|x86.ActiveCfg = Release|Any CPU
		{6F2F2AFE-C948-4E94-B26A-8051927E593B}.Release|x86.Build.0 = Release|Any CPU
		{10466252-34B9-4C94-8E1B-58029AFBEB08}.Debug|Any CPU.ActiveCfg = Debug|Any CPU
		{10466252-34B9-4C94-8E1B-58029AFBEB08}.Debug|Any CPU.Build.0 = Debug|Any CPU
		{10466252-34B9-4C94-8E1B-58029AFBEB08}.Debug|x64.ActiveCfg = Debug|Any CPU
		{10466252-34B9-4C94-8E1B-58029AFBEB08}.Debug|x64.Build.0 = Debug|Any CPU
		{10466252-34B9-4C94-8E1B-58029AFBEB08}.Debug|x86.ActiveCfg = Debug|Any CPU
		{10466252-34B9-4C94-8E1B-58029AFBEB08}.Debug|x86.Build.0 = Debug|Any CPU
		{10466252-34B9-4C94-8E1B-58029AFBEB08}.Release|Any CPU.ActiveCfg = Release|Any CPU
		{10466252-34B9-4C94-8E1B-58029AFBEB08}.Release|Any CPU.Build.0 = Release|Any CPU
		{10466252-34B9-4C94-8E1B-58029AFBEB08}.Release|x64.ActiveCfg = Release|Any CPU
		{10466252-34B9-4C94-8E1B-58029AFBEB08}.Release|x64.Build.0 = Release|Any CPU
		{10466252-34B9-4C94-8E1B-58029AFBEB08}.Release|x86.ActiveCfg = Release|Any CPU
		{10466252-34B9-4C94-8E1B-58029AFBEB08}.Release|x86.Build.0 = Release|Any CPU
		{62ACEBB4-D16D-4EBF-8198-BD8D99936FE1}.Debug|Any CPU.ActiveCfg = Debug|Any CPU
		{62ACEBB4-D16D-4EBF-8198-BD8D99936FE1}.Debug|Any CPU.Build.0 = Debug|Any CPU
		{62ACEBB4-D16D-4EBF-8198-BD8D99936FE1}.Debug|x64.ActiveCfg = Debug|Any CPU
		{62ACEBB4-D16D-4EBF-8198-BD8D99936FE1}.Debug|x64.Build.0 = Debug|Any CPU
		{62ACEBB4-D16D-4EBF-8198-BD8D99936FE1}.Debug|x86.ActiveCfg = Debug|Any CPU
		{62ACEBB4-D16D-4EBF-8198-BD8D99936FE1}.Debug|x86.Build.0 = Debug|Any CPU
		{62ACEBB4-D16D-4EBF-8198-BD8D99936FE1}.Release|Any CPU.ActiveCfg = Release|Any CPU
		{62ACEBB4-D16D-4EBF-8198-BD8D99936FE1}.Release|Any CPU.Build.0 = Release|Any CPU
		{62ACEBB4-D16D-4EBF-8198-BD8D99936FE1}.Release|x64.ActiveCfg = Release|Any CPU
		{62ACEBB4-D16D-4EBF-8198-BD8D99936FE1}.Release|x64.Build.0 = Release|Any CPU
		{62ACEBB4-D16D-4EBF-8198-BD8D99936FE1}.Release|x86.ActiveCfg = Release|Any CPU
		{62ACEBB4-D16D-4EBF-8198-BD8D99936FE1}.Release|x86.Build.0 = Release|Any CPU
	EndGlobalSection
EndGlobal
